Microsoft Visual Studio Solution File, Format Version 12.00
# Visual Studio 15
VisualStudioVersion = 15.0.26730.0
MinimumVisualStudioVersion = 15.0.26124.0
Project("{2150E333-8FDC-42A3-9474-1A3956D46DE8}") = "src", "src", "{5CBB3EB8-D3FD-4E1E-8884-4D040AE5264F}"
EndProject
Project("{2150E333-8FDC-42A3-9474-1A3956D46DE8}") = "test", "test", "{4C279B64-D2FB-4D7F-AC60-94EF1D81CC4C}"
EndProject
Project("{9A19103F-16F7-4668-BE54-9A1E7A4F7556}") = "ShtikLive.Rendering.Markdown", "src\ShtikLive.Rendering.Markdown\ShtikLive.Rendering.Markdown.csproj", "{9701FB1F-AAA5-471A-AD59-0D87B160C9F9}"
EndProject
Project("{9A19103F-16F7-4668-BE54-9A1E7A4F7556}") = "ShtikLive.Rendering.Markdown.Tests", "test\ShtikLive.Rendering.Markdown.Tests\ShtikLive.Rendering.Markdown.Tests.csproj", "{02CD90A7-DB9C-43AA-B334-2DEC4B9636C3}"
EndProject
Project("{9A19103F-16F7-4668-BE54-9A1E7A4F7556}") = "ShtikLive.Shows", "src\ShtikLive.Shows\ShtikLive.Shows.csproj", "{EC88E10B-5815-4359-B497-1713562BAB88}"
EndProject
Project("{9A19103F-16F7-4668-BE54-9A1E7A4F7556}") = "ShtikLive", "src\ShtikLive\ShtikLive.csproj", "{DFC71DC6-5A92-49A3-9006-DDAC16563337}"
EndProject
Project("{9A19103F-16F7-4668-BE54-9A1E7A4F7556}") = "ShtikLive.Identity", "src\ShtikLive.Identity\ShtikLive.Identity.csproj", "{639C8BBA-1A2C-4338-BDC9-30CA1C509904}"
EndProject
Project("{9A19103F-16F7-4668-BE54-9A1E7A4F7556}") = "ShtikLive.Identity.Migrate", "src\ShtikLive.Identity.Migrate\ShtikLive.Identity.Migrate.csproj", "{704960F0-DA3A-4063-8B72-BB8B913DCEEB}"
EndProject
Project("{FAE04EC0-301F-11D3-BF4B-00C04F79EFBC}") = "ShtikLive.Identity.Tests", "test\ShtikLive.Identity.Tests\ShtikLive.Identity.Tests.csproj", "{E80B3FFE-115C-4F17-A887-A3B35E0EDD01}"
EndProject
Global
	GlobalSection(SolutionConfigurationPlatforms) = preSolution
		Debug|Any CPU = Debug|Any CPU
		Debug|x64 = Debug|x64
		Debug|x86 = Debug|x86
		Release|Any CPU = Release|Any CPU
		Release|x64 = Release|x64
		Release|x86 = Release|x86
	EndGlobalSection
	GlobalSection(ProjectConfigurationPlatforms) = postSolution
		{9701FB1F-AAA5-471A-AD59-0D87B160C9F9}.Debug|Any CPU.ActiveCfg = Debug|Any CPU
		{9701FB1F-AAA5-471A-AD59-0D87B160C9F9}.Debug|Any CPU.Build.0 = Debug|Any CPU
		{9701FB1F-AAA5-471A-AD59-0D87B160C9F9}.Debug|x64.ActiveCfg = Debug|Any CPU
		{9701FB1F-AAA5-471A-AD59-0D87B160C9F9}.Debug|x64.Build.0 = Debug|Any CPU
		{9701FB1F-AAA5-471A-AD59-0D87B160C9F9}.Debug|x86.ActiveCfg = Debug|Any CPU
		{9701FB1F-AAA5-471A-AD59-0D87B160C9F9}.Debug|x86.Build.0 = Debug|Any CPU
		{9701FB1F-AAA5-471A-AD59-0D87B160C9F9}.Release|Any CPU.ActiveCfg = Release|Any CPU
		{9701FB1F-AAA5-471A-AD59-0D87B160C9F9}.Release|Any CPU.Build.0 = Release|Any CPU
		{9701FB1F-AAA5-471A-AD59-0D87B160C9F9}.Release|x64.ActiveCfg = Release|Any CPU
		{9701FB1F-AAA5-471A-AD59-0D87B160C9F9}.Release|x64.Build.0 = Release|Any CPU
		{9701FB1F-AAA5-471A-AD59-0D87B160C9F9}.Release|x86.ActiveCfg = Release|Any CPU
		{9701FB1F-AAA5-471A-AD59-0D87B160C9F9}.Release|x86.Build.0 = Release|Any CPU
		{02CD90A7-DB9C-43AA-B334-2DEC4B9636C3}.Debug|Any CPU.ActiveCfg = Debug|Any CPU
		{02CD90A7-DB9C-43AA-B334-2DEC4B9636C3}.Debug|Any CPU.Build.0 = Debug|Any CPU
		{02CD90A7-DB9C-43AA-B334-2DEC4B9636C3}.Debug|x64.ActiveCfg = Debug|Any CPU
		{02CD90A7-DB9C-43AA-B334-2DEC4B9636C3}.Debug|x64.Build.0 = Debug|Any CPU
		{02CD90A7-DB9C-43AA-B334-2DEC4B9636C3}.Debug|x86.ActiveCfg = Debug|Any CPU
		{02CD90A7-DB9C-43AA-B334-2DEC4B9636C3}.Debug|x86.Build.0 = Debug|Any CPU
		{02CD90A7-DB9C-43AA-B334-2DEC4B9636C3}.Release|Any CPU.ActiveCfg = Release|Any CPU
		{02CD90A7-DB9C-43AA-B334-2DEC4B9636C3}.Release|Any CPU.Build.0 = Release|Any CPU
		{02CD90A7-DB9C-43AA-B334-2DEC4B9636C3}.Release|x64.ActiveCfg = Release|Any CPU
		{02CD90A7-DB9C-43AA-B334-2DEC4B9636C3}.Release|x64.Build.0 = Release|Any CPU
		{02CD90A7-DB9C-43AA-B334-2DEC4B9636C3}.Release|x86.ActiveCfg = Release|Any CPU
		{02CD90A7-DB9C-43AA-B334-2DEC4B9636C3}.Release|x86.Build.0 = Release|Any CPU
		{EC88E10B-5815-4359-B497-1713562BAB88}.Debug|Any CPU.ActiveCfg = Debug|Any CPU
		{EC88E10B-5815-4359-B497-1713562BAB88}.Debug|Any CPU.Build.0 = Debug|Any CPU
		{EC88E10B-5815-4359-B497-1713562BAB88}.Debug|x64.ActiveCfg = Debug|Any CPU
		{EC88E10B-5815-4359-B497-1713562BAB88}.Debug|x64.Build.0 = Debug|Any CPU
		{EC88E10B-5815-4359-B497-1713562BAB88}.Debug|x86.ActiveCfg = Debug|Any CPU
		{EC88E10B-5815-4359-B497-1713562BAB88}.Debug|x86.Build.0 = Debug|Any CPU
		{EC88E10B-5815-4359-B497-1713562BAB88}.Release|Any CPU.ActiveCfg = Release|Any CPU
		{EC88E10B-5815-4359-B497-1713562BAB88}.Release|Any CPU.Build.0 = Release|Any CPU
		{EC88E10B-5815-4359-B497-1713562BAB88}.Release|x64.ActiveCfg = Release|Any CPU
		{EC88E10B-5815-4359-B497-1713562BAB88}.Release|x64.Build.0 = Release|Any CPU
		{EC88E10B-5815-4359-B497-1713562BAB88}.Release|x86.ActiveCfg = Release|Any CPU
		{EC88E10B-5815-4359-B497-1713562BAB88}.Release|x86.Build.0 = Release|Any CPU
		{DFC71DC6-5A92-49A3-9006-DDAC16563337}.Debug|Any CPU.ActiveCfg = Debug|Any CPU
		{DFC71DC6-5A92-49A3-9006-DDAC16563337}.Debug|Any CPU.Build.0 = Debug|Any CPU
		{DFC71DC6-5A92-49A3-9006-DDAC16563337}.Debug|x64.ActiveCfg = Debug|Any CPU
		{DFC71DC6-5A92-49A3-9006-DDAC16563337}.Debug|x64.Build.0 = Debug|Any CPU
		{DFC71DC6-5A92-49A3-9006-DDAC16563337}.Debug|x86.ActiveCfg = Debug|Any CPU
		{DFC71DC6-5A92-49A3-9006-DDAC16563337}.Debug|x86.Build.0 = Debug|Any CPU
		{DFC71DC6-5A92-49A3-9006-DDAC16563337}.Release|Any CPU.ActiveCfg = Release|Any CPU
		{DFC71DC6-5A92-49A3-9006-DDAC16563337}.Release|Any CPU.Build.0 = Release|Any CPU
		{DFC71DC6-5A92-49A3-9006-DDAC16563337}.Release|x64.ActiveCfg = Release|Any CPU
		{DFC71DC6-5A92-49A3-9006-DDAC16563337}.Release|x64.Build.0 = Release|Any CPU
		{DFC71DC6-5A92-49A3-9006-DDAC16563337}.Release|x86.ActiveCfg = Release|Any CPU
		{DFC71DC6-5A92-49A3-9006-DDAC16563337}.Release|x86.Build.0 = Release|Any CPU
		{639C8BBA-1A2C-4338-BDC9-30CA1C509904}.Debug|Any CPU.ActiveCfg = Debug|Any CPU
		{639C8BBA-1A2C-4338-BDC9-30CA1C509904}.Debug|Any CPU.Build.0 = Debug|Any CPU
		{639C8BBA-1A2C-4338-BDC9-30CA1C509904}.Debug|x64.ActiveCfg = Debug|Any CPU
		{639C8BBA-1A2C-4338-BDC9-30CA1C509904}.Debug|x64.Build.0 = Debug|Any CPU
		{639C8BBA-1A2C-4338-BDC9-30CA1C509904}.Debug|x86.ActiveCfg = Debug|Any CPU
		{639C8BBA-1A2C-4338-BDC9-30CA1C509904}.Debug|x86.Build.0 = Debug|Any CPU
		{639C8BBA-1A2C-4338-BDC9-30CA1C509904}.Release|Any CPU.ActiveCfg = Release|Any CPU
		{639C8BBA-1A2C-4338-BDC9-30CA1C509904}.Release|Any CPU.Build.0 = Release|Any CPU
		{639C8BBA-1A2C-4338-BDC9-30CA1C509904}.Release|x64.ActiveCfg = Release|Any CPU
		{639C8BBA-1A2C-4338-BDC9-30CA1C509904}.Release|x64.Build.0 = Release|Any CPU
		{639C8BBA-1A2C-4338-BDC9-30CA1C509904}.Release|x86.ActiveCfg = Release|Any CPU
		{639C8BBA-1A2C-4338-BDC9-30CA1C509904}.Release|x86.Build.0 = Release|Any CPU
		{704960F0-DA3A-4063-8B72-BB8B913DCEEB}.Debug|Any CPU.ActiveCfg = Debug|Any CPU
		{704960F0-DA3A-4063-8B72-BB8B913DCEEB}.Debug|Any CPU.Build.0 = Debug|Any CPU
		{704960F0-DA3A-4063-8B72-BB8B913DCEEB}.Debug|x64.ActiveCfg = Debug|Any CPU
		{704960F0-DA3A-4063-8B72-BB8B913DCEEB}.Debug|x64.Build.0 = Debug|Any CPU
		{704960F0-DA3A-4063-8B72-BB8B913DCEEB}.Debug|x86.ActiveCfg = Debug|Any CPU
		{704960F0-DA3A-4063-8B72-BB8B913DCEEB}.Debug|x86.Build.0 = Debug|Any CPU
		{704960F0-DA3A-4063-8B72-BB8B913DCEEB}.Release|Any CPU.ActiveCfg = Release|Any CPU
		{704960F0-DA3A-4063-8B72-BB8B913DCEEB}.Release|Any CPU.Build.0 = Release|Any CPU
		{704960F0-DA3A-4063-8B72-BB8B913DCEEB}.Release|x64.ActiveCfg = Release|Any CPU
		{704960F0-DA3A-4063-8B72-BB8B913DCEEB}.Release|x64.Build.0 = Release|Any CPU
		{704960F0-DA3A-4063-8B72-BB8B913DCEEB}.Release|x86.ActiveCfg = Release|Any CPU
		{704960F0-DA3A-4063-8B72-BB8B913DCEEB}.Release|x86.Build.0 = Release|Any CPU
		{E80B3FFE-115C-4F17-A887-A3B35E0EDD01}.Debug|Any CPU.ActiveCfg = Debug|Any CPU
		{E80B3FFE-115C-4F17-A887-A3B35E0EDD01}.Debug|Any CPU.Build.0 = Debug|Any CPU
		{E80B3FFE-115C-4F17-A887-A3B35E0EDD01}.Debug|x64.ActiveCfg = Debug|Any CPU
		{E80B3FFE-115C-4F17-A887-A3B35E0EDD01}.Debug|x64.Build.0 = Debug|Any CPU
		{E80B3FFE-115C-4F17-A887-A3B35E0EDD01}.Debug|x86.ActiveCfg = Debug|Any CPU
		{E80B3FFE-115C-4F17-A887-A3B35E0EDD01}.Debug|x86.Build.0 = Debug|Any CPU
		{E80B3FFE-115C-4F17-A887-A3B35E0EDD01}.Release|Any CPU.ActiveCfg = Release|Any CPU
		{E80B3FFE-115C-4F17-A887-A3B35E0EDD01}.Release|Any CPU.Build.0 = Release|Any CPU
		{E80B3FFE-115C-4F17-A887-A3B35E0EDD01}.Release|x64.ActiveCfg = Release|Any CPU
		{E80B3FFE-115C-4F17-A887-A3B35E0EDD01}.Release|x64.Build.0 = Release|Any CPU
		{E80B3FFE-115C-4F17-A887-A3B35E0EDD01}.Release|x86.ActiveCfg = Release|Any CPU
		{E80B3FFE-115C-4F17-A887-A3B35E0EDD01}.Release|x86.Build.0 = Release|Any CPU
	EndGlobalSection
	GlobalSection(SolutionProperties) = preSolution
		HideSolutionNode = FALSE
	EndGlobalSection
	GlobalSection(NestedProjects) = preSolution
		{9701FB1F-AAA5-471A-AD59-0D87B160C9F9} = {5CBB3EB8-D3FD-4E1E-8884-4D040AE5264F}
		{02CD90A7-DB9C-43AA-B334-2DEC4B9636C3} = {4C279B64-D2FB-4D7F-AC60-94EF1D81CC4C}
		{EC88E10B-5815-4359-B497-1713562BAB88} = {5CBB3EB8-D3FD-4E1E-8884-4D040AE5264F}
		{DFC71DC6-5A92-49A3-9006-DDAC16563337} = {5CBB3EB8-D3FD-4E1E-8884-4D040AE5264F}
		{639C8BBA-1A2C-4338-BDC9-30CA1C509904} = {5CBB3EB8-D3FD-4E1E-8884-4D040AE5264F}
		{704960F0-DA3A-4063-8B72-BB8B913DCEEB} = {5CBB3EB8-D3FD-4E1E-8884-4D040AE5264F}
		{E80B3FFE-115C-4F17-A887-A3B35E0EDD01} = {4C279B64-D2FB-4D7F-AC60-94EF1D81CC4C}
	EndGlobalSection
	GlobalSection(ExtensibilityGlobals) = postSolution
		SolutionGuid = {5FAF82D5-ACAD-464E-B0BB-C838B3493339}
	EndGlobalSection
EndGlobal
